
Microsoft Visual Studio Solution File, Format Version 12.00
# Visual Studio 15
VisualStudioVersion = 15.0.26228.4
MinimumVisualStudioVersion = 10.0.40219.1
Project("{FAE04EC0-301F-11D3-BF4B-00C04F79EFBC}") = "0.01_Intro", "0.01_Intro\0.01_Intro.csproj", "{5B16377D-DFE6-4DCB-A754-DAE7ECE26444}"
EndProject
Project("{FAE04EC0-301F-11D3-BF4B-00C04F79EFBC}") = "0.02_BasicTypes", "0.02_BasicTypes\0.02_BasicTypes.csproj", "{0C392E7B-22BB-4D03-BEE5-004CD5295DBA}"
EndProject
Project("{FAE04EC0-301F-11D3-BF4B-00C04F79EFBC}") = "0.02_BasicTypes_Challenges", "0.02_BasicTypes_Challenges\0.02_BasicTypes_Challenges.csproj", "{2692D315-197D-4F8D-B700-3194B7FDEF1B}"
EndProject
Project("{FAE04EC0-301F-11D3-BF4B-00C04F79EFBC}") = "0.03_Strings", "0.03_Strings\0.03_Strings.csproj", "{00073B15-8CBB-4302-B540-1C1A6C8F086D}"
EndProject
Project("{FAE04EC0-301F-11D3-BF4B-00C04F79EFBC}") = "0.04_Conditional_If", "0.04_Conditional_If\0.04_Conditional_If.csproj", "{C21F3189-B36B-4179-86DF-AA73C0436FE4}"
EndProject
Project("{FAE04EC0-301F-11D3-BF4B-00C04F79EFBC}") = "0.04_Conditionals_if_else", "0.04_Conditionals_if_else\0.04_Conditionals_if_else.csproj", "{5B181B7F-9FE2-4C6D-91B3-3D70470A8938}"
EndProject
Project("{FAE04EC0-301F-11D3-BF4B-00C04F79EFBC}") = "0.04_Conditional_else_if", "0.04_Conditional_else_if\0.04_Conditional_else_if.csproj", "{F233470E-8785-4961-9569-67DCEE802FA0}"
EndProject
Project("{FAE04EC0-301F-11D3-BF4B-00C04F79EFBC}") = "0.04_Conditionals_ReadLine", "0.04_Conditionals_ReadLine\0.04_Conditionals_ReadLine.csproj", "{5F987C99-A82A-4068-8816-AB38480640DA}"
EndProject
Project("{FAE04EC0-301F-11D3-BF4B-00C04F79EFBC}") = "0.04_Conditionals_switch", "0.04_Conditionals_switch\0.04_Conditionals_switch.csproj", "{84A6D7B3-2817-44F1-98E5-89B963FDCBF2}"
EndProject
Project("{FAE04EC0-301F-11D3-BF4B-00C04F79EFBC}") = "0.04_Conditionals_Ternary", "0.04_Conditionals_Ternary\0.04_Conditionals_Ternary.csproj", "{EEF38587-8DF7-4B00-908C-7352CDEE761D}"
EndProject
Project("{FAE04EC0-301F-11D3-BF4B-00C04F79EFBC}") = "0.05_Objects", "0.05_Objects\0.05_Objects.csproj", "{B7FEB773-63C5-4AB4-9EC4-8882698DC1EB}"
EndProject
Project("{FAE04EC0-301F-11D3-BF4B-00C04F79EFBC}") = "0.05_Objects_Challenge", "0.05_Objects_Challenge\0.05_Objects_Challenge.csproj", "{4264DB31-C25E-4563-A8B7-5D2DB6DEB744}"
EndProject
Project("{FAE04EC0-301F-11D3-BF4B-00C04F79EFBC}") = "0.06_Methods", "0.06_Methods\0.06_Methods.csproj", "{99B07B72-3B1B-49D2-84DC-53BE680A5731}"
EndProject
Global
	GlobalSection(SolutionConfigurationPlatforms) = preSolution
		Debug|Any CPU = Debug|Any CPU
		Release|Any CPU = Release|Any CPU
	EndGlobalSection
	GlobalSection(ProjectConfigurationPlatforms) = postSolution
		{5B16377D-DFE6-4DCB-A754-DAE7ECE26444}.Debug|Any CPU.ActiveCfg = Debug|Any CPU
		{5B16377D-DFE6-4DCB-A754-DAE7ECE26444}.Debug|Any CPU.Build.0 = Debug|Any CPU
		{5B16377D-DFE6-4DCB-A754-DAE7ECE26444}.Release|Any CPU.ActiveCfg = Release|Any CPU
		{5B16377D-DFE6-4DCB-A754-DAE7ECE26444}.Release|Any CPU.Build.0 = Release|Any CPU
		{0C392E7B-22BB-4D03-BEE5-004CD5295DBA}.Debug|Any CPU.ActiveCfg = Debug|Any CPU
		{0C392E7B-22BB-4D03-BEE5-004CD5295DBA}.Debug|Any CPU.Build.0 = Debug|Any CPU
		{0C392E7B-22BB-4D03-BEE5-004CD5295DBA}.Release|Any CPU.ActiveCfg = Release|Any CPU
		{0C392E7B-22BB-4D03-BEE5-004CD5295DBA}.Release|Any CPU.Build.0 = Release|Any CPU
		{2692D315-197D-4F8D-B700-3194B7FDEF1B}.Debug|Any CPU.ActiveCfg = Debug|Any CPU
		{2692D315-197D-4F8D-B700-3194B7FDEF1B}.Debug|Any CPU.Build.0 = Debug|Any CPU
		{2692D315-197D-4F8D-B700-3194B7FDEF1B}.Release|Any CPU.ActiveCfg = Release|Any CPU
		{2692D315-197D-4F8D-B700-3194B7FDEF1B}.Release|Any CPU.Build.0 = Release|Any CPU
		{00073B15-8CBB-4302-B540-1C1A6C8F086D}.Debug|Any CPU.ActiveCfg = Debug|Any CPU
		{00073B15-8CBB-4302-B540-1C1A6C8F086D}.Debug|Any CPU.Build.0 = Debug|Any CPU
		{00073B15-8CBB-4302-B540-1C1A6C8F086D}.Release|Any CPU.ActiveCfg = Release|Any CPU
		{00073B15-8CBB-4302-B540-1C1A6C8F086D}.Release|Any CPU.Build.0 = Release|Any CPU
		{C21F3189-B36B-4179-86DF-AA73C0436FE4}.Debug|Any CPU.ActiveCfg = Debug|Any CPU
		{C21F3189-B36B-4179-86DF-AA73C0436FE4}.Debug|Any CPU.Build.0 = Debug|Any CPU
		{C21F3189-B36B-4179-86DF-AA73C0436FE4}.Release|Any CPU.ActiveCfg = Release|Any CPU
		{C21F3189-B36B-4179-86DF-AA73C0436FE4}.Release|Any CPU.Build.0 = Release|Any CPU
		{5B181B7F-9FE2-4C6D-91B3-3D70470A8938}.Debug|Any CPU.ActiveCfg = Debug|Any CPU
		{5B181B7F-9FE2-4C6D-91B3-3D70470A8938}.Debug|Any CPU.Build.0 = Debug|Any CPU
		{5B181B7F-9FE2-4C6D-91B3-3D70470A8938}.Release|Any CPU.ActiveCfg = Release|Any CPU
		{5B181B7F-9FE2-4C6D-91B3-3D70470A8938}.Release|Any CPU.Build.0 = Release|Any CPU
		{F233470E-8785-4961-9569-67DCEE802FA0}.Debug|Any CPU.ActiveCfg = Debug|Any CPU
		{F233470E-8785-4961-9569-67DCEE802FA0}.Debug|Any CPU.Build.0 = Debug|Any CPU
		{F233470E-8785-4961-9569-67DCEE802FA0}.Release|Any CPU.ActiveCfg = Release|Any CPU
		{F233470E-8785-4961-9569-67DCEE802FA0}.Release|Any CPU.Build.0 = Release|Any CPU
		{5F987C99-A82A-4068-8816-AB38480640DA}.Debug|Any CPU.ActiveCfg = Debug|Any CPU
		{5F987C99-A82A-4068-8816-AB38480640DA}.Debug|Any CPU.Build.0 = Debug|Any CPU
		{5F987C99-A82A-4068-8816-AB38480640DA}.Release|Any CPU.ActiveCfg = Release|Any CPU
		{5F987C99-A82A-4068-8816-AB38480640DA}.Release|Any CPU.Build.0 = Release|Any CPU
		{84A6D7B3-2817-44F1-98E5-89B963FDCBF2}.Debug|Any CPU.ActiveCfg = Debug|Any CPU
		{84A6D7B3-2817-44F1-98E5-89B963FDCBF2}.Debug|Any CPU.Build.0 = Debug|Any CPU
		{84A6D7B3-2817-44F1-98E5-89B963FDCBF2}.Release|Any CPU.ActiveCfg = Release|Any CPU
		{84A6D7B3-2817-44F1-98E5-89B963FDCBF2}.Release|Any CPU.Build.0 = Release|Any CPU
		{EEF38587-8DF7-4B00-908C-7352CDEE761D}.Debug|Any CPU.ActiveCfg = Debug|Any CPU
		{EEF38587-8DF7-4B00-908C-7352CDEE761D}.Debug|Any CPU.Build.0 = Debug|Any CPU
		{EEF38587-8DF7-4B00-908C-7352CDEE761D}.Release|Any CPU.ActiveCfg = Release|Any CPU
		{EEF38587-8DF7-4B00-908C-7352CDEE761D}.Release|Any CPU.Build.0 = Release|Any CPU
		{B7FEB773-63C5-4AB4-9EC4-8882698DC1EB}.Debug|Any CPU.ActiveCfg = Debug|Any CPU
		{B7FEB773-63C5-4AB4-9EC4-8882698DC1EB}.Debug|Any CPU.Build.0 = Debug|Any CPU
		{B7FEB773-63C5-4AB4-9EC4-8882698DC1EB}.Release|Any CPU.ActiveCfg = Release|Any CPU
		{B7FEB773-63C5-4AB4-9EC4-8882698DC1EB}.Release|Any CPU.Build.0 = Release|Any CPU
		{4264DB31-C25E-4563-A8B7-5D2DB6DEB744}.Debug|Any CPU.ActiveCfg = Debug|Any CPU
		{4264DB31-C25E-4563-A8B7-5D2DB6DEB744}.Debug|Any CPU.Build.0 = Debug|Any CPU
		{4264DB31-C25E-4563-A8B7-5D2DB6DEB744}.Release|Any CPU.ActiveCfg = Release|Any CPU
		{4264DB31-C25E-4563-A8B7-5D2DB6DEB744}.Release|Any CPU.Build.0 = Release|Any CPU
		{99B07B72-3B1B-49D2-84DC-53BE680A5731}.Debug|Any CPU.ActiveCfg = Debug|Any CPU
		{99B07B72-3B1B-49D2-84DC-53BE680A5731}.Debug|Any CPU.Build.0 = Debug|Any CPU
		{99B07B72-3B1B-49D2-84DC-53BE680A5731}.Release|Any CPU.ActiveCfg = Release|Any CPU
		{99B07B72-3B1B-49D2-84DC-53BE680A5731}.Release|Any CPU.Build.0 = Release|Any CPU
	EndGlobalSection
	GlobalSection(SolutionProperties) = preSolution
		HideSolutionNode = FALSE
	EndGlobalSection
EndGlobal
